
Microsoft Visual Studio Solution File, Format Version 12.00
# Visual Studio Version 17
VisualStudioVersion = 17.9.34616.47
MinimumVisualStudioVersion = 10.0.40219.1
Project("{888888A0-9F3D-457C-B088-3A5042F75D52}") = "FlaskWebProject1_OPENAI_V3", "FlaskWebProject1_OPENAI_V3\FlaskWebProject1_OPENAI_V3.pyproj", "{F6BE2F17-5D6F-4BEE-AA83-10415CA7FC43}"
EndProject
Global
	GlobalSection(SolutionConfigurationPlatforms) = preSolution
		Debug|Any CPU = Debug|Any CPU
		Release|Any CPU = Release|Any CPU
	EndGlobalSection
	GlobalSection(ProjectConfigurationPlatforms) = postSolution
		{F6BE2F17-5D6F-4BEE-AA83-10415CA7FC43}.Debug|Any CPU.ActiveCfg = Debug|Any CPU
		{F6BE2F17-5D6F-4BEE-AA83-10415CA7FC43}.Debug|Any CPU.Build.0 = Debug|Any CPU
		{F6BE2F17-5D6F-4BEE-AA83-10415CA7FC43}.Release|Any CPU.ActiveCfg = Release|Any CPU
		{F6BE2F17-5D6F-4BEE-AA83-10415CA7FC43}.Release|Any CPU.Build.0 = Release|Any CPU
	EndGlobalSection
	GlobalSection(SolutionProperties) = preSolution
		HideSolutionNode = FALSE
	EndGlobalSection
	GlobalSection(ExtensibilityGlobals) = postSolution
		SolutionGuid = {4A23BDDC-AEC1-486A-8375-BCE595D43C7D}
	EndGlobalSection
EndGlobal
