
Microsoft Visual Studio Solution File, Format Version 12.00
# Visual Studio Version 17
VisualStudioVersion = 17.9.34616.47
MinimumVisualStudioVersion = 10.0.40219.1
Project("{888888A0-9F3D-457C-B088-3A5042F75D52}") = "NEURALNETWORK_2LAYER", "NEURALNETWORK_2LAYER\NEURALNETWORK_2LAYER.pyproj", "{38594ADD-48E9-46A0-BB79-EEC5562FB58B}"
EndProject
Global
	GlobalSection(SolutionConfigurationPlatforms) = preSolution
		Debug|Any CPU = Debug|Any CPU
		Release|Any CPU = Release|Any CPU
	EndGlobalSection
	GlobalSection(ProjectConfigurationPlatforms) = postSolution
		{38594ADD-48E9-46A0-BB79-EEC5562FB58B}.Debug|Any CPU.ActiveCfg = Debug|Any CPU
		{38594ADD-48E9-46A0-BB79-EEC5562FB58B}.Release|Any CPU.ActiveCfg = Release|Any CPU
	EndGlobalSection
	GlobalSection(SolutionProperties) = preSolution
		HideSolutionNode = FALSE
	EndGlobalSection
	GlobalSection(ExtensibilityGlobals) = postSolution
		SolutionGuid = {7D6E7601-1EEE-416C-9ECC-86602F956011}
	EndGlobalSection
EndGlobal
