
Microsoft Visual Studio Solution File, Format Version 12.00
# Visual Studio Version 17
VisualStudioVersion = 17.9.34616.47
MinimumVisualStudioVersion = 10.0.40219.1
Project("{888888A0-9F3D-457C-B088-3A5042F75D52}") = "PythonLIFO", "PythonLIFO\PythonLIFO.pyproj", "{29E1163C-B718-43D7-8AB4-F81AC956196B}"
EndProject
Global
	GlobalSection(SolutionConfigurationPlatforms) = preSolution
		Debug|Any CPU = Debug|Any CPU
		Release|Any CPU = Release|Any CPU
	EndGlobalSection
	GlobalSection(ProjectConfigurationPlatforms) = postSolution
		{29E1163C-B718-43D7-8AB4-F81AC956196B}.Debug|Any CPU.ActiveCfg = Debug|Any CPU
		{29E1163C-B718-43D7-8AB4-F81AC956196B}.Release|Any CPU.ActiveCfg = Release|Any CPU
	EndGlobalSection
	GlobalSection(SolutionProperties) = preSolution
		HideSolutionNode = FALSE
	EndGlobalSection
	GlobalSection(ExtensibilityGlobals) = postSolution
		SolutionGuid = {F66B1781-8964-45A1-BC0A-ABFC827362E3}
	EndGlobalSection
EndGlobal
