
Microsoft Visual Studio Solution File, Format Version 12.00
# Visual Studio Version 17
VisualStudioVersion = 17.9.34616.47
MinimumVisualStudioVersion = 10.0.40219.1
Project("{888888A0-9F3D-457C-B088-3A5042F75D52}") = "PythonTictactoe", "PythonTictactoe\PythonTictactoe.pyproj", "{82349397-AD36-4AAE-A613-9CECBA4A2CDE}"
EndProject
Global
	GlobalSection(SolutionConfigurationPlatforms) = preSolution
		Debug|Any CPU = Debug|Any CPU
		Release|Any CPU = Release|Any CPU
	EndGlobalSection
	GlobalSection(ProjectConfigurationPlatforms) = postSolution
		{82349397-AD36-4AAE-A613-9CECBA4A2CDE}.Debug|Any CPU.ActiveCfg = Debug|Any CPU
		{82349397-AD36-4AAE-A613-9CECBA4A2CDE}.Release|Any CPU.ActiveCfg = Release|Any CPU
	EndGlobalSection
	GlobalSection(SolutionProperties) = preSolution
		HideSolutionNode = FALSE
	EndGlobalSection
	GlobalSection(ExtensibilityGlobals) = postSolution
		SolutionGuid = {CBC74E51-932B-4060-BF83-2923C3171279}
	EndGlobalSection
EndGlobal
