
Microsoft Visual Studio Solution File, Format Version 12.00
# Visual Studio Version 17
VisualStudioVersion = 17.9.34616.47
MinimumVisualStudioVersion = 10.0.40219.1
Project("{FAE04EC0-301F-11D3-BF4B-00C04F79EFBC}") = "Web3_NETHEREUM", "Web3_NETHEREUM\Web3_NETHEREUM.csproj", "{44450265-BEEE-4A59-BE3A-2C07318BE085}"
EndProject
Global
	GlobalSection(SolutionConfigurationPlatforms) = preSolution
		Debug|Any CPU = Debug|Any CPU
		Release|Any CPU = Release|Any CPU
	EndGlobalSection
	GlobalSection(ProjectConfigurationPlatforms) = postSolution
		{44450265-BEEE-4A59-BE3A-2C07318BE085}.Debug|Any CPU.ActiveCfg = Debug|Any CPU
		{44450265-BEEE-4A59-BE3A-2C07318BE085}.Debug|Any CPU.Build.0 = Debug|Any CPU
		{44450265-BEEE-4A59-BE3A-2C07318BE085}.Release|Any CPU.ActiveCfg = Release|Any CPU
		{44450265-BEEE-4A59-BE3A-2C07318BE085}.Release|Any CPU.Build.0 = Release|Any CPU
	EndGlobalSection
	GlobalSection(SolutionProperties) = preSolution
		HideSolutionNode = FALSE
	EndGlobalSection
	GlobalSection(ExtensibilityGlobals) = postSolution
		SolutionGuid = {972A2F70-D52D-4355-9FF6-5D1597D1FD0F}
	EndGlobalSection
EndGlobal
