
Microsoft Visual Studio Solution File, Format Version 12.00
# Visual Studio Version 17
VisualStudioVersion = 17.5.33516.290
MinimumVisualStudioVersion = 10.0.40219.1
Project("{FAE04EC0-301F-11D3-BF4B-00C04F79EFBC}") = "WebApplication1_TUFAN", "WebApplication1_TUFAN\WebApplication1_TUFAN.csproj", "{D081FD01-1778-48FE-84FE-A49E8919C5E6}"
EndProject
Global
	GlobalSection(SolutionConfigurationPlatforms) = preSolution
		Debug|Any CPU = Debug|Any CPU
		Release|Any CPU = Release|Any CPU
	EndGlobalSection
	GlobalSection(ProjectConfigurationPlatforms) = postSolution
		{D081FD01-1778-48FE-84FE-A49E8919C5E6}.Debug|Any CPU.ActiveCfg = Debug|Any CPU
		{D081FD01-1778-48FE-84FE-A49E8919C5E6}.Debug|Any CPU.Build.0 = Debug|Any CPU
		{D081FD01-1778-48FE-84FE-A49E8919C5E6}.Release|Any CPU.ActiveCfg = Release|Any CPU
		{D081FD01-1778-48FE-84FE-A49E8919C5E6}.Release|Any CPU.Build.0 = Release|Any CPU
	EndGlobalSection
	GlobalSection(SolutionProperties) = preSolution
		HideSolutionNode = FALSE
	EndGlobalSection
	GlobalSection(ExtensibilityGlobals) = postSolution
		SolutionGuid = {A690D0D8-2CF1-4264-A351-22DEF73EB5F9}
	EndGlobalSection
EndGlobal
