
Microsoft Visual Studio Solution File, Format Version 12.00
# Visual Studio Version 17
VisualStudioVersion = 17.5.33516.290
MinimumVisualStudioVersion = 10.0.40219.1
Project("{FAE04EC0-301F-11D3-BF4B-00C04F79EFBC}") = "WebApplication1_CHATGPT_DENEME2", "WebApplication1_CHATGPT_DENEME2\WebApplication1_CHATGPT_DENEME2.csproj", "{2AF67E24-D91D-44B0-9720-4E7BA95418AA}"
EndProject
Global
	GlobalSection(SolutionConfigurationPlatforms) = preSolution
		Debug|Any CPU = Debug|Any CPU
		Release|Any CPU = Release|Any CPU
	EndGlobalSection
	GlobalSection(ProjectConfigurationPlatforms) = postSolution
		{2AF67E24-D91D-44B0-9720-4E7BA95418AA}.Debug|Any CPU.ActiveCfg = Debug|Any CPU
		{2AF67E24-D91D-44B0-9720-4E7BA95418AA}.Debug|Any CPU.Build.0 = Debug|Any CPU
		{2AF67E24-D91D-44B0-9720-4E7BA95418AA}.Release|Any CPU.ActiveCfg = Release|Any CPU
		{2AF67E24-D91D-44B0-9720-4E7BA95418AA}.Release|Any CPU.Build.0 = Release|Any CPU
	EndGlobalSection
	GlobalSection(SolutionProperties) = preSolution
		HideSolutionNode = FALSE
	EndGlobalSection
	GlobalSection(ExtensibilityGlobals) = postSolution
		SolutionGuid = {0DBFFD9D-76CE-4DED-983F-86155EA478DA}
	EndGlobalSection
EndGlobal
